{
    "_readme": [
        "This file locks the dependencies of your project to a known state",
        "Read more about it at https://getcomposer.org/doc/01-basic-usage.md#installing-dependencies",
        "This file is @generated automatically"
    ],
    "content-hash": "53754776703700e0448fa7e3647b083d",
    "packages": [
        {
            "name": "climacons-webfont/climacons-webfont",
            "version": "1.0.0",
            "source": {
                "type": "git",
                "url": "https://github.com/cliffordp/climacons-webfont.git",
                "reference": "fb2f02293fd75c5901e86f47af9664cc15cdff53"
            },
            "dist": {
                "type": "zip",
                "url": "https://api.github.com/repos/cliffordp/climacons-webfont/zipball/fb2f02293fd75c5901e86f47af9664cc15cdff53",
                "reference": "fb2f02293fd75c5901e86f47af9664cc15cdff53",
                "shasum": ""
            },
            "type": "library",
            "notification-url": "https://packagist.org/downloads/",
            "authors": [
                {
                    "name": "Adam Whitcroft",
                    "email": "hello@adamwhitcroft.com",
                    "homepage": "http://adamwhitcroft.com/",
                    "role": "Designer"
                },
                {
                    "name": "Christian Naths",
                    "email": "christiannaths@gmail.com",
                    "homepage": "https://christiannaths.com/",
                    "role": "Developer"
                },
                {
                    "name": "TourKick LLC (Clifford Paulick)",
                    "email": "tko+tkeventw@tourkick.com",
                    "role": "Developer"
                }
            ],
            "description": "The Climacons webfont. Climacons created by Adam Whitcroft. Credit also to Christian Naths for webfont version.",
            "time": "2017-11-05T06:19:06+00:00"
        },
        {
            "name": "freemius/wordpress-sdk",
            "version": "2.2.4",
            "source": {
                "type": "git",
                "url": "https://github.com/Freemius/wordpress-sdk.git",
                "reference": "a4cc02a705639bcc64b5b55b8732432986b1b228"
            },
            "dist": {
                "type": "zip",
                "url": "https://api.github.com/repos/Freemius/wordpress-sdk/zipball/a4cc02a705639bcc64b5b55b8732432986b1b228",
                "reference": "a4cc02a705639bcc64b5b55b8732432986b1b228",
                "shasum": ""
            },
            "require": {
                "php": ">=5.2"
            },
            "type": "library",
            "notification-url": "https://packagist.org/downloads/",
            "license": [
                "GPL-3.0-only"
            ],
            "description": "Freemius WordPress SDK",
            "homepage": "https://freemius.com",
            "keywords": [
                "freemius",
                "plugin",
                "sdk",
                "wordpress"
            ],
            "time": "2019-02-25T18:19:27+00:00"
        },
        {
            "name": "gamajo/template-loader",
            "version": "1.3.1",
            "source": {
                "type": "git",
                "url": "https://github.com/GaryJones/Gamajo-Template-Loader.git",
                "reference": "fa92a37b780d945463f7fea328dce14933558752"
            },
            "dist": {
                "type": "zip",
                "url": "https://api.github.com/repos/GaryJones/Gamajo-Template-Loader/zipball/fa92a37b780d945463f7fea328dce14933558752",
                "reference": "fa92a37b780d945463f7fea328dce14933558752",
                "shasum": ""
            },
            "require": {
                "php": ">=5.2.4"
            },
            "require-dev": {
                "dealerdirect/phpcodesniffer-composer-installer": "^0.4.4",
                "php": ">=7.1",
                "phpcompatibility/phpcompatibility-wp": "^1",
                "roave/security-advisories": "dev-master",
                "squizlabs/php_codesniffer": "^3.3",
                "wp-coding-standards/wpcs": "^1"
            },
            "suggest": {
                "coenjacobs/mozart": "Easily wrap this library with your own prefix, to prevent collisions when multiple plugins use this library"
            },
            "type": "library",
            "autoload": {
                "classmap": [
                    "class-gamajo-template-loader.php"
                ]
            },
            "notification-url": "https://packagist.org/downloads/",
            "license": [
                "GPL-2.0-or-later"
            ],
            "authors": [
                {
                    "name": "Gary Jones",
                    "homepage": "https://gamajo.com",
                    "role": "Developer"
                }
            ],
            "description": "A class for your WordPress plugin, to allow loading template parts with fallback through the child theme > parent theme > plugin",
            "homepage": "https://github.com/GaryJones/Gamajo-Template-Loader",
            "keywords": [
                "templates",
                "wordpress"
            ],
            "time": "2018-09-24T10:23:49+00:00"
        }
    ],
    "packages-dev": [],
    "aliases": [],
    "minimum-stability": "stable",
    "stability-flags": [],
    "prefer-stable": false,
    "prefer-lowest": false,
    "platform": {
        "php": ">=5.6"
    },
    "platform-dev": []
}
